// !$*UTF8*$!
{
	archiveVersion = 1;
	classes = {
	};
	objectVersion = 46;
	objects = {

/* Begin PBXBuildFile section */
		844E746B14DDBFEE000D17A3 /* Credits.rtf in Resources */ = {isa = PBXBuildFile; fileRef = 844E745D14DDBFEE000D17A3 /* Credits.rtf */; };
		844E746C14DDBFEE000D17A3 /* InfoPlist.strings in Resources */ = {isa = PBXBuildFile; fileRef = 844E745F14DDBFEE000D17A3 /* InfoPlist.strings */; };
		844E746D14DDBFEE000D17A3 /* MainMenu.xib in Resources */ = {isa = PBXBuildFile; fileRef = 844E746114DDBFEE000D17A3 /* MainMenu.xib */; };
		844E746E14DDBFEE000D17A3 /* main.m in Sources */ = {isa = PBXBuildFile; fileRef = 844E746314DDBFEE000D17A3 /* main.m */; };
		844E746F14DDBFEE000D17A3 /* MegaMillionsPicker-Info.plist in Resources */ = {isa = PBXBuildFile; fileRef = 844E746414DDBFEE000D17A3 /* MegaMillionsPicker-Info.plist */; };
		844E747014DDBFEE000D17A3 /* RJSAppDelegate.m in Sources */ = {isa = PBXBuildFile; fileRef = 844E746714DDBFEE000D17A3 /* RJSAppDelegate.m */; };
		844E747114DDBFEE000D17A3 /* SCLotteryEngine.m in Sources */ = {isa = PBXBuildFile; fileRef = 844E746914DDBFEE000D17A3 /* SCLotteryEngine.m */; };
		844E747214DDBFEE000D17A3 /* testdata.csv in Resources */ = {isa = PBXBuildFile; fileRef = 844E746A14DDBFEE000D17A3 /* testdata.csv */; };
		84874DE914DCC7C9006641B6 /* Cocoa.framework in Frameworks */ = {isa = PBXBuildFile; fileRef = 84874DE814DCC7C9006641B6 /* Cocoa.framework */; };
/* End PBXBuildFile section */

/* Begin PBXFileReference section */
		844E745E14DDBFEE000D17A3 /* en */ = {isa = PBXFileReference; lastKnownFileType = text.rtf; name = en; path = MegaMillionsPicker/en.lproj/Credits.rtf; sourceTree = "<group>"; };
		844E746014DDBFEE000D17A3 /* en */ = {isa = PBXFileReference; lastKnownFileType = text.plist.strings; name = en; path = MegaMillionsPicker/en.lproj/InfoPlist.strings; sourceTree = "<group>"; };
		844E746214DDBFEE000D17A3 /* en */ = {isa = PBXFileReference; lastKnownFileType = file.xib; name = en; path = MegaMillionsPicker/en.lproj/MainMenu.xib; sourceTree = "<group>"; };
		844E746314DDBFEE000D17A3 /* main.m */ = {isa = PBXFileReference; fileEncoding = 4; lastKnownFileType = sourcecode.c.objc; name = main.m; path = ../MegaMillionsPicker/main.m; sourceTree = "<group>"; };
		844E746414DDBFEE000D17A3 /* MegaMillionsPicker-Info.plist */ = {isa = PBXFileReference; fileEncoding = 4; lastKnownFileType = text.plist.xml; name = "MegaMillionsPicker-Info.plist"; path = "../MegaMillionsPicker/MegaMillionsPicker-Info.plist"; sourceTree = "<group>"; };
		844E746514DDBFEE000D17A3 /* MegaMillionsPicker-Prefix.pch */ = {isa = PBXFileReference; fileEncoding = 4; lastKnownFileType = sourcecode.c.h; name = "MegaMillionsPicker-Prefix.pch"; path = "../MegaMillionsPicker/MegaMillionsPicker-Prefix.pch"; sourceTree = "<group>"; };
		844E746614DDBFEE000D17A3 /* RJSAppDelegate.h */ = {isa = PBXFileReference; fileEncoding = 4; lastKnownFileType = sourcecode.c.h; name = RJSAppDelegate.h; path = ../MegaMillionsPicker/RJSAppDelegate.h; sourceTree = "<group>"; };
		844E746714DDBFEE000D17A3 /* RJSAppDelegate.m */ = {isa = PBXFileReference; fileEncoding = 4; lastKnownFileType = sourcecode.c.objc; name = RJSAppDelegate.m; path = ../MegaMillionsPicker/RJSAppDelegate.m; sourceTree = "<group>"; };
		844E746814DDBFEE000D17A3 /* SCLotteryEngine.h */ = {isa = PBXFileReference; fileEncoding = 4; lastKnownFileType = sourcecode.c.h; name = SCLotteryEngine.h; path = ../MegaMillionsPicker/SCLotteryEngine.h; sourceTree = "<group>"; };
		844E746914DDBFEE000D17A3 /* SCLotteryEngine.m */ = {isa = PBXFileReference; fileEncoding = 4; lastKnownFileType = sourcecode.c.objc; name = SCLotteryEngine.m; path = ../MegaMillionsPicker/SCLotteryEngine.m; sourceTree = "<group>"; };
		844E746A14DDBFEE000D17A3 /* testdata.csv */ = {isa = PBXFileReference; fileEncoding = 4; lastKnownFileType = text; name = testdata.csv; path = ../MegaMillionsPicker/testdata.csv; sourceTree = "<group>"; };
		84874DE414DCC7C9006641B6 /* MegaMillionsPicker.app */ = {isa = PBXFileReference; explicitFileType = wrapper.application; includeInIndex = 0; path = MegaMillionsPicker.app; sourceTree = BUILT_PRODUCTS_DIR; };
		84874DE814DCC7C9006641B6 /* Cocoa.framework */ = {isa = PBXFileReference; lastKnownFileType = wrapper.framework; name = Cocoa.framework; path = System/Library/Frameworks/Cocoa.framework; sourceTree = SDKROOT; };
		84874DEB14DCC7C9006641B6 /* AppKit.framework */ = {isa = PBXFileReference; lastKnownFileType = wrapper.framework; name = AppKit.framework; path = System/Library/Frameworks/AppKit.framework; sourceTree = SDKROOT; };
		84874DEC14DCC7C9006641B6 /* CoreData.framework */ = {isa = PBXFileReference; lastKnownFileType = wrapper.framework; name = CoreData.framework; path = System/Library/Frameworks/CoreData.framework; sourceTree = SDKROOT; };
		84874DED14DCC7C9006641B6 /* Foundation.framework */ = {isa = PBXFileReference; lastKnownFileType = wrapper.framework; name = Foundation.framework; path = System/Library/Frameworks/Foundation.framework; sourceTree = SDKROOT; };
/* End PBXFileReference section */

/* Begin PBXFrameworksBuildPhase section */
		84874DE114DCC7C9006641B6 /* Frameworks */ = {
			isa = PBXFrameworksBuildPhase;
			buildActionMask = 2147483647;
			files = (
				84874DE914DCC7C9006641B6 /* Cocoa.framework in Frameworks */,
			);
			runOnlyForDeploymentPostprocessing = 0;
		};
/* End PBXFrameworksBuildPhase section */

/* Begin PBXGroup section */
		84874DD914DCC7C9006641B6 = {
			isa = PBXGroup;
			children = (
				84874DEE14DCC7C9006641B6 /* MegaMillionsPicker */,
				84874DE714DCC7C9006641B6 /* Frameworks */,
				84874DE514DCC7C9006641B6 /* Products */,
			);
			sourceTree = "<group>";
		};
		84874DE514DCC7C9006641B6 /* Products */ = {
			isa = PBXGroup;
			children = (
				84874DE414DCC7C9006641B6 /* MegaMillionsPicker.app */,
			);
			name = Products;
			sourceTree = "<group>";
		};
		84874DE714DCC7C9006641B6 /* Frameworks */ = {
			isa = PBXGroup;
			children = (
				84874DE814DCC7C9006641B6 /* Cocoa.framework */,
				84874DEA14DCC7C9006641B6 /* Other Frameworks */,
			);
			name = Frameworks;
			sourceTree = "<group>";
		};
		84874DEA14DCC7C9006641B6 /* Other Frameworks */ = {
			isa = PBXGroup;
			children = (
				84874DEB14DCC7C9006641B6 /* AppKit.framework */,
				84874DEC14DCC7C9006641B6 /* CoreData.framework */,
				84874DED14DCC7C9006641B6 /* Foundation.framework */,
			);
			name = "Other Frameworks";
			sourceTree = "<group>";
		};
		84874DEE14DCC7C9006641B6 /* MegaMillionsPicker */ = {
			isa = PBXGroup;
			children = (
				844E746114DDBFEE000D17A3 /* MainMenu.xib */,
				844E746614DDBFEE000D17A3 /* RJSAppDelegate.h */,
				844E746714DDBFEE000D17A3 /* RJSAppDelegate.m */,
				844E746814DDBFEE000D17A3 /* SCLotteryEngine.h */,
				844E746914DDBFEE000D17A3 /* SCLotteryEngine.m */,
				844E746A14DDBFEE000D17A3 /* testdata.csv */,
				84874DEF14DCC7C9006641B6 /* Supporting Files */,
			);
			name = MegaMillionsPicker;
			path = LotteryPicker;
			sourceTree = "<group>";
		};
		84874DEF14DCC7C9006641B6 /* Supporting Files */ = {
			isa = PBXGroup;
			children = (
				844E745F14DDBFEE000D17A3 /* InfoPlist.strings */,
				844E746314DDBFEE000D17A3 /* main.m */,
				844E746414DDBFEE000D17A3 /* MegaMillionsPicker-Info.plist */,
				844E746514DDBFEE000D17A3 /* MegaMillionsPicker-Prefix.pch */,
				844E745D14DDBFEE000D17A3 /* Credits.rtf */,
			);
			name = "Supporting Files";
			sourceTree = "<group>";
		};
/* End PBXGroup section */

/* Begin PBXNativeTarget section */
		84874DE314DCC7C9006641B6 /* MegaMillionsPicker */ = {
			isa = PBXNativeTarget;
			buildConfigurationList = 84874E0214DCC7CA006641B6 /* Build configuration list for PBXNativeTarget "MegaMillionsPicker" */;
			buildPhases = (
				84874DE014DCC7C9006641B6 /* Sources */,
				84874DE114DCC7C9006641B6 /* Frameworks */,
				84874DE214DCC7C9006641B6 /* Resources */,
			);
			buildRules = (
			);
			dependencies = (
			);
			name = MegaMillionsPicker;
			productName = LotteryPicker;
			productReference = 84874DE414DCC7C9006641B6 /* MegaMillionsPicker.app */;
			productType = "com.apple.product-type.application";
		};
/* End PBXNativeTarget section */

/* Begin PBXProject section */
		84874DDB14DCC7C9006641B6 /* Project object */ = {
			isa = PBXProject;
			attributes = {
				LastUpgradeCheck = 0420;
			};
			buildConfigurationList = 84874DDE14DCC7C9006641B6 /* Build configuration list for PBXProject "MegaMillionsPicker" */;
			compatibilityVersion = "Xcode 3.2";
			developmentRegion = English;
			hasScannedForEncodings = 0;
			knownRegions = (
				en,
			);
			mainGroup = 84874DD914DCC7C9006641B6;
			productRefGroup = 84874DE514DCC7C9006641B6 /* Products */;
			projectDirPath = "";
			projectRoot = "";
			targets = (
				84874DE314DCC7C9006641B6 /* MegaMillionsPicker */,
			);
		};
/* End PBXProject section */

/* Begin PBXResourcesBuildPhase section */
		84874DE214DCC7C9006641B6 /* Resources */ = {
			isa = PBXResourcesBuildPhase;
			buildActionMask = 2147483647;
			files = (
				844E746B14DDBFEE000D17A3 /* Credits.rtf in Resources */,
				844E746C14DDBFEE000D17A3 /* InfoPlist.strings in Resources */,
				844E746D14DDBFEE000D17A3 /* MainMenu.xib in Resources */,
				844E746F14DDBFEE000D17A3 /* MegaMillionsPicker-Info.plist in Resources */,
				844E747214DDBFEE000D17A3 /* testdata.csv in Resources */,
			);
			runOnlyForDeploymentPostprocessing = 0;
		};
/* End PBXResourcesBuildPhase section */

/* Begin PBXSourcesBuildPhase section */
		84874DE014DCC7C9006641B6 /* Sources */ = {
			isa = PBXSourcesBuildPhase;
			buildActionMask = 2147483647;
			files = (
				844E746E14DDBFEE000D17A3 /* main.m in Sources */,
				844E747014DDBFEE000D17A3 /* RJSAppDelegate.m in Sources */,
				844E747114DDBFEE000D17A3 /* SCLotteryEngine.m in Sources */,
			);
			runOnlyForDeploymentPostprocessing = 0;
		};
/* End PBXSourcesBuildPhase section */

/* Begin PBXVariantGroup section */
		844E745D14DDBFEE000D17A3 /* Credits.rtf */ = {
			isa = PBXVariantGroup;
			children = (
				844E745E14DDBFEE000D17A3 /* en */,
			);
			name = Credits.rtf;
			path = ..;
			sourceTree = "<group>";
		};
		844E745F14DDBFEE000D17A3 /* InfoPlist.strings */ = {
			isa = PBXVariantGroup;
			children = (
				844E746014DDBFEE000D17A3 /* en */,
			);
			name = InfoPlist.strings;
			path = ..;
			sourceTree = "<group>";
		};
		844E746114DDBFEE000D17A3 /* MainMenu.xib */ = {
			isa = PBXVariantGroup;
			children = (
				844E746214DDBFEE000D17A3 /* en */,
			);
			name = MainMenu.xib;
			path = ..;
			sourceTree = "<group>";
		};
/* End PBXVariantGroup section */

/* Begin XCBuildConfiguration section */
		84874E0014DCC7CA006641B6 /* Debug */ = {
			isa = XCBuildConfiguration;
			buildSettings = {
				ALWAYS_SEARCH_USER_PATHS = NO;
				ARCHS = "$(ARCHS_STANDARD_64_BIT)";
				CLANG_ENABLE_OBJC_ARC = YES;
				COPY_PHASE_STRIP = NO;
				GCC_C_LANGUAGE_STANDARD = gnu99;
				GCC_DYNAMIC_NO_PIC = NO;
				GCC_ENABLE_OBJC_EXCEPTIONS = YES;
				GCC_OPTIMIZATION_LEVEL = 0;
				GCC_PREPROCESSOR_DEFINITIONS = (
					"DEBUG=1",
					"$(inherited)",
				);
				GCC_SYMBOLS_PRIVATE_EXTERN = NO;
				GCC_VERSION = com.apple.compilers.llvm.clang.1_0;
				GCC_WARN_64_TO_32_BIT_CONVERSION = YES;
				GCC_WARN_ABOUT_MISSING_PROTOTYPES = YES;
				GCC_WARN_ABOUT_RETURN_TYPE = YES;
				GCC_WARN_UNUSED_VARIABLE = YES;
				MACOSX_DEPLOYMENT_TARGET = 10.7;
				ONLY_ACTIVE_ARCH = YES;
				SDKROOT = macosx;
			};
			name = Debug;
		};
		84874E0114DCC7CA006641B6 /* Release */ = {
			isa = XCBuildConfiguration;
			buildSettings = {
				ALWAYS_SEARCH_USER_PATHS = NO;
				ARCHS = "$(ARCHS_STANDARD_64_BIT)";
				CLANG_ENABLE_OBJC_ARC = YES;
				COPY_PHASE_STRIP = YES;
				DEBUG_INFORMATION_FORMAT = "dwarf-with-dsym";
				GCC_C_LANGUAGE_STANDARD = gnu99;
				GCC_ENABLE_OBJC_EXCEPTIONS = YES;
				GCC_VERSION = com.apple.compilers.llvm.clang.1_0;
				GCC_WARN_64_TO_32_BIT_CONVERSION = YES;
				GCC_WARN_ABOUT_MISSING_PROTOTYPES = YES;
				GCC_WARN_ABOUT_RETURN_TYPE = YES;
				GCC_WARN_UNUSED_VARIABLE = YES;
				MACOSX_DEPLOYMENT_TARGET = 10.7;
				SDKROOT = macosx;
			};
			name = Release;
		};
		84874E0314DCC7CA006641B6 /* Debug */ = {
			isa = XCBuildConfiguration;
			buildSettings = {
				GCC_PRECOMPILE_PREFIX_HEADER = YES;
				GCC_PREFIX_HEADER = "MegaMillionsPicker/MegaMillionsPicker-Prefix.pch";
				INFOPLIST_FILE = "MegaMillionsPicker/MegaMillionsPicker-Info.plist";
				PRODUCT_NAME = MegaMillionsPicker;
				WRAPPER_EXTENSION = app;
			};
			name = Debug;
		};
		84874E0414DCC7CA006641B6 /* Release */ = {
			isa = XCBuildConfiguration;
			buildSettings = {
				GCC_PRECOMPILE_PREFIX_HEADER = YES;
				GCC_PREFIX_HEADER = "MegaMillionsPicker/MegaMillionsPicker-Prefix.pch";
				INFOPLIST_FILE = "MegaMillionsPicker/MegaMillionsPicker-Info.plist";
				PRODUCT_NAME = MegaMillionsPicker;
				WRAPPER_EXTENSION = app;
			};
			name = Release;
		};
/* End XCBuildConfiguration section */

/* Begin XCConfigurationList section */
		84874DDE14DCC7C9006641B6 /* Build configuration list for PBXProject "MegaMillionsPicker" */ = {
			isa = XCConfigurationList;
			buildConfigurations = (
				84874E0014DCC7CA006641B6 /* Debug */,
				84874E0114DCC7CA006641B6 /* Release */,
			);
			defaultConfigurationIsVisible = 0;
			defaultConfigurationName = Release;
		};
		84874E0214DCC7CA006641B6 /* Build configuration list for PBXNativeTarget "MegaMillionsPicker" */ = {
			isa = XCConfigurationList;
			buildConfigurations = (
				84874E0314DCC7CA006641B6 /* Debug */,
				84874E0414DCC7CA006641B6 /* Release */,
			);
			defaultConfigurationIsVisible = 0;
			defaultConfigurationName = Release;
		};
/* End XCConfigurationList section */
	};
	rootObject = 84874DDB14DCC7C9006641B6 /* Project object */;
}
